
Microsoft Visual Studio Solution File, Format Version 12.00
# Visual Studio 15
VisualStudioVersion = 15.0.27428.2037
MinimumVisualStudioVersion = 10.0.40219.1
Project("{FAE04EC0-301F-11D3-BF4B-00C04F79EFBC}") = "ConsoleApp1", "ConsoleApp1\ConsoleApp1.csproj", "{1603785C-6C41-454D-B791-1B37E9DE253F}"
EndProject
Project("{FAE04EC0-301F-11D3-BF4B-00C04F79EFBC}") = "SubstitutionSystem.Tests", "SubstitutionSystem.Tests\SubstitutionSystem.Tests.csproj", "{3BC0E9E8-AF2B-4475-B2E8-5B3B4196037D}"
EndProject
Global
	GlobalSection(SolutionConfigurationPlatforms) = preSolution
		Debug|Any CPU = Debug|Any CPU
		Release|Any CPU = Release|Any CPU
	EndGlobalSection
	GlobalSection(ProjectConfigurationPlatforms) = postSolution
		{1603785C-6C41-454D-B791-1B37E9DE253F}.Debug|Any CPU.ActiveCfg = Debug|Any CPU
		{1603785C-6C41-454D-B791-1B37E9DE253F}.Debug|Any CPU.Build.0 = Debug|Any CPU
		{1603785C-6C41-454D-B791-1B37E9DE253F}.Release|Any CPU.ActiveCfg = Release|Any CPU
		{1603785C-6C41-454D-B791-1B37E9DE253F}.Release|Any CPU.Build.0 = Release|Any CPU
		{3BC0E9E8-AF2B-4475-B2E8-5B3B4196037D}.Debug|Any CPU.ActiveCfg = Debug|Any CPU
		{3BC0E9E8-AF2B-4475-B2E8-5B3B4196037D}.Debug|Any CPU.Build.0 = Debug|Any CPU
		{3BC0E9E8-AF2B-4475-B2E8-5B3B4196037D}.Release|Any CPU.ActiveCfg = Release|Any CPU
		{3BC0E9E8-AF2B-4475-B2E8-5B3B4196037D}.Release|Any CPU.Build.0 = Release|Any CPU
	EndGlobalSection
	GlobalSection(SolutionProperties) = preSolution
		HideSolutionNode = FALSE
	EndGlobalSection
	GlobalSection(ExtensibilityGlobals) = postSolution
		SolutionGuid = {2F29BBC1-9326-4445-8100-3A233D05E088}
	EndGlobalSection
EndGlobal
